
Microsoft Visual Studio Solution File, Format Version 12.00
# Visual Studio Version 16
VisualStudioVersion = 16.0.31624.102
MinimumVisualStudioVersion = 10.0.40219.1
Project("{FAE04EC0-301F-11D3-BF4B-00C04F79EFBC}") = "WindowsFormsApp2", "WindowsFormsApp2\WindowsFormsApp2.csproj", "{E78F5E05-6F14-41F5-B121-64DF31C9C90F}"
EndProject
Global
	GlobalSection(SolutionConfigurationPlatforms) = preSolution
		Debug|Any CPU = Debug|Any CPU
		Release|Any CPU = Release|Any CPU
	EndGlobalSection
	GlobalSection(ProjectConfigurationPlatforms) = postSolution
		{E78F5E05-6F14-41F5-B121-64DF31C9C90F}.Debug|Any CPU.ActiveCfg = Debug|Any CPU
		{E78F5E05-6F14-41F5-B121-64DF31C9C90F}.Debug|Any CPU.Build.0 = Debug|Any CPU
		{E78F5E05-6F14-41F5-B121-64DF31C9C90F}.Release|Any CPU.ActiveCfg = Release|Any CPU
		{E78F5E05-6F14-41F5-B121-64DF31C9C90F}.Release|Any CPU.Build.0 = Release|Any CPU
	EndGlobalSection
	GlobalSection(SolutionProperties) = preSolution
		HideSolutionNode = FALSE
	EndGlobalSection
	GlobalSection(ExtensibilityGlobals) = postSolution
		SolutionGuid = {D8D1559E-491F-47F2-BE12-8C6EE8ACF6CD}
	EndGlobalSection
EndGlobal
